// !$*UTF8*$!
{
	archiveVersion = 1;
	classes = {
	};
	objectVersion = 77;
	objects = {

/* Begin PBXContainerItemProxy section */
		39C7E5532D04709D003AC256 /* PBXContainerItemProxy */ = {
			isa = PBXContainerItemProxy;
			containerPortal = 39C7E53A2D04709C003AC256 /* Project object */;
			proxyType = 1;
			remoteGlobalIDString = 39C7E5412D04709C003AC256;
			remoteInfo = PhyDocTest;
		};
		39C7E55D2D04709D003AC256 /* PBXContainerItemProxy */ = {
			isa = PBXContainerItemProxy;
			containerPortal = 39C7E53A2D04709C003AC256 /* Project object */;
			proxyType = 1;
			remoteGlobalIDString = 39C7E5412D04709C003AC256;
			remoteInfo = PhyDocTest;
		};
/* End PBXContainerItemProxy section */

/* Begin PBXFileReference section */
		39C7E5422D04709C003AC256 /* PhyDocTest.app */ = {isa = PBXFileReference; explicitFileType = wrapper.application; includeInIndex = 0; path = PhyDocTest.app; sourceTree = BUILT_PRODUCTS_DIR; };
		39C7E5522D04709D003AC256 /* PhyDocTestTests.xctest */ = {isa = PBXFileReference; explicitFileType = wrapper.cfbundle; includeInIndex = 0; path = PhyDocTestTests.xctest; sourceTree = BUILT_PRODUCTS_DIR; };
		39C7E55C2D04709D003AC256 /* PhyDocTestUITests.xctest */ = {isa = PBXFileReference; explicitFileType = wrapper.cfbundle; includeInIndex = 0; path = PhyDocTestUITests.xctest; sourceTree = BUILT_PRODUCTS_DIR; };
/* End PBXFileReference section */

/* Begin PBXFileSystemSynchronizedBuildFileExceptionSet section */
		39D0C7682D08E150006D3B69 /* Exceptions for "PhyDocTest" folder in "PhyDocTest" target */ = {
			isa = PBXFileSystemSynchronizedBuildFileExceptionSet;
			membershipExceptions = (
				Info.plist,
			);
			target = 39C7E5412D04709C003AC256 /* PhyDocTest */;
		};
/* End PBXFileSystemSynchronizedBuildFileExceptionSet section */

/* Begin PBXFileSystemSynchronizedRootGroup section */
		39C7E5442D04709C003AC256 /* PhyDocTest */ = {
			isa = PBXFileSystemSynchronizedRootGroup;
			exceptions = (
				39D0C7682D08E150006D3B69 /* Exceptions for "PhyDocTest" folder in "PhyDocTest" target */,
			);
			path = PhyDocTest;
			sourceTree = "<group>";
		};
		39C7E5552D04709D003AC256 /* PhyDocTestTests */ = {
			isa = PBXFileSystemSynchronizedRootGroup;
			path = PhyDocTestTests;
			sourceTree = "<group>";
		};
		39C7E55F2D04709D003AC256 /* PhyDocTestUITests */ = {
			isa = PBXFileSystemSynchronizedRootGroup;
			path = PhyDocTestUITests;
			sourceTree = "<group>";
		};
/* End PBXFileSystemSynchronizedRootGroup section */

/* Begin PBXFrameworksBuildPhase section */
		39C7E53F2D04709C003AC256 /* Frameworks */ = {
			isa = PBXFrameworksBuildPhase;
			buildActionMask = 2147483647;
			files = (
			);
			runOnlyForDeploymentPostprocessing = 0;
		};
		39C7E54F2D04709D003AC256 /* Frameworks */ = {
			isa = PBXFrameworksBuildPhase;
			buildActionMask = 2147483647;
			files = (
			);
			runOnlyForDeploymentPostprocessing = 0;
		};
		39C7E5592D04709D003AC256 /* Frameworks */ = {
			isa = PBXFrameworksBuildPhase;
			buildActionMask = 2147483647;
			files = (
			);
			runOnlyForDeploymentPostprocessing = 0;
		};
/* End PBXFrameworksBuildPhase section */

/* Begin PBXGroup section */
		39C7E5392D04709C003AC256 = {
			isa = PBXGroup;
			children = (
				39C7E5442D04709C003AC256 /* PhyDocTest */,
				39C7E5552D04709D003AC256 /* PhyDocTestTests */,
				39C7E55F2D04709D003AC256 /* PhyDocTestUITests */,
				39C7E5432D04709C003AC256 /* Products */,
			);
			sourceTree = "<group>";
		};
		39C7E5432D04709C003AC256 /* Products */ = {
			isa = PBXGroup;
			children = (
				39C7E5422D04709C003AC256 /* PhyDocTest.app */,
				39C7E5522D04709D003AC256 /* PhyDocTestTests.xctest */,
				39C7E55C2D04709D003AC256 /* PhyDocTestUITests.xctest */,
			);
			name = Products;
			sourceTree = "<group>";
		};
/* End PBXGroup section */

/* Begin PBXNativeTarget section */
		39C7E5412D04709C003AC256 /* PhyDocTest */ = {
			isa = PBXNativeTarget;
			buildConfigurationList = 39C7E5662D04709D003AC256 /* Build configuration list for PBXNativeTarget "PhyDocTest" */;
			buildPhases = (
				39C7E53E2D04709C003AC256 /* Sources */,
				39C7E53F2D04709C003AC256 /* Frameworks */,
				39C7E5402D04709C003AC256 /* Resources */,
			);
			buildRules = (
			);
			dependencies = (
			);
			fileSystemSynchronizedGroups = (
				39C7E5442D04709C003AC256 /* PhyDocTest */,
			);
			name = PhyDocTest;
			packageProductDependencies = (
			);
			productName = PhyDocTest;
			productReference = 39C7E5422D04709C003AC256 /* PhyDocTest.app */;
			productType = "com.apple.product-type.application";
		};
		39C7E5512D04709D003AC256 /* PhyDocTestTests */ = {
			isa = PBXNativeTarget;
			buildConfigurationList = 39C7E5692D04709D003AC256 /* Build configuration list for PBXNativeTarget "PhyDocTestTests" */;
			buildPhases = (
				39C7E54E2D04709D003AC256 /* Sources */,
				39C7E54F2D04709D003AC256 /* Frameworks */,
				39C7E5502D04709D003AC256 /* Resources */,
			);
			buildRules = (
			);
			dependencies = (
				39C7E5542D04709D003AC256 /* PBXTargetDependency */,
			);
			fileSystemSynchronizedGroups = (
				39C7E5552D04709D003AC256 /* PhyDocTestTests */,
			);
			name = PhyDocTestTests;
			packageProductDependencies = (
			);
			productName = PhyDocTestTests;
			productReference = 39C7E5522D04709D003AC256 /* PhyDocTestTests.xctest */;
			productType = "com.apple.product-type.bundle.unit-test";
		};
		39C7E55B2D04709D003AC256 /* PhyDocTestUITests */ = {
			isa = PBXNativeTarget;
			buildConfigurationList = 39C7E56C2D04709D003AC256 /* Build configuration list for PBXNativeTarget "PhyDocTestUITests" */;
			buildPhases = (
				39C7E5582D04709D003AC256 /* Sources */,
				39C7E5592D04709D003AC256 /* Frameworks */,
				39C7E55A2D04709D003AC256 /* Resources */,
			);
			buildRules = (
			);
			dependencies = (
				39C7E55E2D04709D003AC256 /* PBXTargetDependency */,
			);
			fileSystemSynchronizedGroups = (
				39C7E55F2D04709D003AC256 /* PhyDocTestUITests */,
			);
			name = PhyDocTestUITests;
			packageProductDependencies = (
			);
			productName = PhyDocTestUITests;
			productReference = 39C7E55C2D04709D003AC256 /* PhyDocTestUITests.xctest */;
			productType = "com.apple.product-type.bundle.ui-testing";
		};
/* End PBXNativeTarget section */

/* Begin PBXProject section */
		39C7E53A2D04709C003AC256 /* Project object */ = {
			isa = PBXProject;
			attributes = {
				BuildIndependentTargetsInParallel = 1;
				LastSwiftUpdateCheck = 1600;
				LastUpgradeCheck = 1600;
				TargetAttributes = {
					39C7E5412D04709C003AC256 = {
						CreatedOnToolsVersion = 16.0;
					};
					39C7E5512D04709D003AC256 = {
						CreatedOnToolsVersion = 16.0;
						TestTargetID = 39C7E5412D04709C003AC256;
					};
					39C7E55B2D04709D003AC256 = {
						CreatedOnToolsVersion = 16.0;
						TestTargetID = 39C7E5412D04709C003AC256;
					};
				};
			};
			buildConfigurationList = 39C7E53D2D04709C003AC256 /* Build configuration list for PBXProject "PhyDocTest" */;
			developmentRegion = en;
			hasScannedForEncodings = 0;
			knownRegions = (
				en,
				Base,
			);
			mainGroup = 39C7E5392D04709C003AC256;
			minimizedProjectReferenceProxies = 1;
			preferredProjectObjectVersion = 77;
			productRefGroup = 39C7E5432D04709C003AC256 /* Products */;
			projectDirPath = "";
			projectRoot = "";
			targets = (
				39C7E5412D04709C003AC256 /* PhyDocTest */,
				39C7E5512D04709D003AC256 /* PhyDocTestTests */,
				39C7E55B2D04709D003AC256 /* PhyDocTestUITests */,
			);
		};
/* End PBXProject section */

/* Begin PBXResourcesBuildPhase section */
		39C7E5402D04709C003AC256 /* Resources */ = {
			isa = PBXResourcesBuildPhase;
			buildActionMask = 2147483647;
			files = (
			);
			runOnlyForDeploymentPostprocessing = 0;
		};
		39C7E5502D04709D003AC256 /* Resources */ = {
			isa = PBXResourcesBuildPhase;
			buildActionMask = 2147483647;
			files = (
			);
			runOnlyForDeploymentPostprocessing = 0;
		};
		39C7E55A2D04709D003AC256 /* Resources */ = {
			isa = PBXResourcesBuildPhase;
			buildActionMask = 2147483647;
			files = (
			);
			runOnlyForDeploymentPostprocessing = 0;
		};
/* End PBXResourcesBuildPhase section */

/* Begin PBXSourcesBuildPhase section */
		39C7E53E2D04709C003AC256 /* Sources */ = {
			isa = PBXSourcesBuildPhase;
			buildActionMask = 2147483647;
			files = (
			);
			runOnlyForDeploymentPostprocessing = 0;
		};
		39C7E54E2D04709D003AC256 /* Sources */ = {
			isa = PBXSourcesBuildPhase;
			buildActionMask = 2147483647;
			files = (
			);
			runOnlyForDeploymentPostprocessing = 0;
		};
		39C7E5582D04709D003AC256 /* Sources */ = {
			isa = PBXSourcesBuildPhase;
			buildActionMask = 2147483647;
			files = (
			);
			runOnlyForDeploymentPostprocessing = 0;
		};
/* End PBXSourcesBuildPhase section */

/* Begin PBXTargetDependency section */
		39C7E5542D04709D003AC256 /* PBXTargetDependency */ = {
			isa = PBXTargetDependency;
			target = 39C7E5412D04709C003AC256 /* PhyDocTest */;
			targetProxy = 39C7E5532D04709D003AC256 /* PBXContainerItemProxy */;
		};
		39C7E55E2D04709D003AC256 /* PBXTargetDependency */ = {
			isa = PBXTargetDependency;
			target = 39C7E5412D04709C003AC256 /* PhyDocTest */;
			targetProxy = 39C7E55D2D04709D003AC256 /* PBXContainerItemProxy */;
		};
/* End PBXTargetDependency section */

/* Begin XCBuildConfiguration section */
		39C7E5642D04709D003AC256 /* Debug */ = {
			isa = XCBuildConfiguration;
			buildSettings = {
				ALWAYS_SEARCH_USER_PATHS = NO;
				ASSETCATALOG_COMPILER_GENERATE_SWIFT_ASSET_SYMBOL_EXTENSIONS = YES;
				CLANG_ANALYZER_NONNULL = YES;
				CLANG_ANALYZER_NUMBER_OBJECT_CONVERSION = YES_AGGRESSIVE;
				CLANG_CXX_LANGUAGE_STANDARD = "gnu++20";
				CLANG_ENABLE_MODULES = YES;
				CLANG_ENABLE_OBJC_ARC = YES;
				CLANG_ENABLE_OBJC_WEAK = YES;
				CLANG_WARN_BLOCK_CAPTURE_AUTORELEASING = YES;
				CLANG_WARN_BOOL_CONVERSION = YES;
				CLANG_WARN_COMMA = YES;
				CLANG_WARN_CONSTANT_CONVERSION = YES;
				CLANG_WARN_DEPRECATED_OBJC_IMPLEMENTATIONS = YES;
				CLANG_WARN_DIRECT_OBJC_ISA_USAGE = YES_ERROR;
				CLANG_WARN_DOCUMENTATION_COMMENTS = YES;
				CLANG_WARN_EMPTY_BODY = YES;
				CLANG_WARN_ENUM_CONVERSION = YES;
				CLANG_WARN_INFINITE_RECURSION = YES;
				CLANG_WARN_INT_CONVERSION = YES;
				CLANG_WARN_NON_LITERAL_NULL_CONVERSION = YES;
				CLANG_WARN_OBJC_IMPLICIT_RETAIN_SELF = YES;
				CLANG_WARN_OBJC_LITERAL_CONVERSION = YES;
				CLANG_WARN_OBJC_ROOT_CLASS = YES_ERROR;
				CLANG_WARN_QUOTED_INCLUDE_IN_FRAMEWORK_HEADER = YES;
				CLANG_WARN_RANGE_LOOP_ANALYSIS = YES;
				CLANG_WARN_STRICT_PROTOTYPES = YES;
				CLANG_WARN_SUSPICIOUS_MOVE = YES;
				CLANG_WARN_UNGUARDED_AVAILABILITY = YES_AGGRESSIVE;
				CLANG_WARN_UNREACHABLE_CODE = YES;
				CLANG_WARN__DUPLICATE_METHOD_MATCH = YES;
				COPY_PHASE_STRIP = NO;
				DEBUG_INFORMATION_FORMAT = dwarf;
				ENABLE_STRICT_OBJC_MSGSEND = YES;
				ENABLE_TESTABILITY = YES;
				ENABLE_USER_SCRIPT_SANDBOXING = YES;
				GCC_C_LANGUAGE_STANDARD = gnu17;
				GCC_DYNAMIC_NO_PIC = NO;
				GCC_NO_COMMON_BLOCKS = YES;
				GCC_OPTIMIZATION_LEVEL = 0;
				GCC_PREPROCESSOR_DEFINITIONS = (
					"DEBUG=1",
					"$(inherited)",
				);
				GCC_WARN_64_TO_32_BIT_CONVERSION = YES;
				GCC_WARN_ABOUT_RETURN_TYPE = YES_ERROR;
				GCC_WARN_UNDECLARED_SELECTOR = YES;
				GCC_WARN_UNINITIALIZED_AUTOS = YES_AGGRESSIVE;
				GCC_WARN_UNUSED_FUNCTION = YES;
				GCC_WARN_UNUSED_VARIABLE = YES;
				IPHONEOS_DEPLOYMENT_TARGET = 18.0;
				LOCALIZATION_PREFERS_STRING_CATALOGS = YES;
				MTL_ENABLE_DEBUG_INFO = INCLUDE_SOURCE;
				MTL_FAST_MATH = YES;
				ONLY_ACTIVE_ARCH = YES;
				SDKROOT = iphoneos;
				SWIFT_ACTIVE_COMPILATION_CONDITIONS = "DEBUG $(inherited)";
				SWIFT_OPTIMIZATION_LEVEL = "-Onone";
			};
			name = Debug;
		};
		39C7E5652D04709D003AC256 /* Release */ = {
			isa = XCBuildConfiguration;
			buildSettings = {
				ALWAYS_SEARCH_USER_PATHS = NO;
				ASSETCATALOG_COMPILER_GENERATE_SWIFT_ASSET_SYMBOL_EXTENSIONS = YES;
				CLANG_ANALYZER_NONNULL = YES;
				CLANG_ANALYZER_NUMBER_OBJECT_CONVERSION = YES_AGGRESSIVE;
				CLANG_CXX_LANGUAGE_STANDARD = "gnu++20";
				CLANG_ENABLE_MODULES = YES;
				CLANG_ENABLE_OBJC_ARC = YES;
				CLANG_ENABLE_OBJC_WEAK = YES;
				CLANG_WARN_BLOCK_CAPTURE_AUTORELEASING = YES;
				CLANG_WARN_BOOL_CONVERSION = YES;
				CLANG_WARN_COMMA = YES;
				CLANG_WARN_CONSTANT_CONVERSION = YES;
				CLANG_WARN_DEPRECATED_OBJC_IMPLEMENTATIONS = YES;
				CLANG_WARN_DIRECT_OBJC_ISA_USAGE = YES_ERROR;
				CLANG_WARN_DOCUMENTATION_COMMENTS = YES;
				CLANG_WARN_EMPTY_BODY = YES;
				CLANG_WARN_ENUM_CONVERSION = YES;
				CLANG_WARN_INFINITE_RECURSION = YES;
				CLANG_WARN_INT_CONVERSION = YES;
				CLANG_WARN_NON_LITERAL_NULL_CONVERSION = YES;
				CLANG_WARN_OBJC_IMPLICIT_RETAIN_SELF = YES;
				CLANG_WARN_OBJC_LITERAL_CONVERSION = YES;
				CLANG_WARN_OBJC_ROOT_CLASS = YES_ERROR;
				CLANG_WARN_QUOTED_INCLUDE_IN_FRAMEWORK_HEADER = YES;
				CLANG_WARN_RANGE_LOOP_ANALYSIS = YES;
				CLANG_WARN_STRICT_PROTOTYPES = YES;
				CLANG_WARN_SUSPICIOUS_MOVE = YES;
				CLANG_WARN_UNGUARDED_AVAILABILITY = YES_AGGRESSIVE;
				CLANG_WARN_UNREACHABLE_CODE = YES;
				CLANG_WARN__DUPLICATE_METHOD_MATCH = YES;
				COPY_PHASE_STRIP = NO;
				DEBUG_INFORMATION_FORMAT = "dwarf-with-dsym";
				ENABLE_NS_ASSERTIONS = NO;
				ENABLE_STRICT_OBJC_MSGSEND = YES;
				ENABLE_USER_SCRIPT_SANDBOXING = YES;
				GCC_C_LANGUAGE_STANDARD = gnu17;
				GCC_NO_COMMON_BLOCKS = YES;
				GCC_WARN_64_TO_32_BIT_CONVERSION = YES;
				GCC_WARN_ABOUT_RETURN_TYPE = YES_ERROR;
				GCC_WARN_UNDECLARED_SELECTOR = YES;
				GCC_WARN_UNINITIALIZED_AUTOS = YES_AGGRESSIVE;
				GCC_WARN_UNUSED_FUNCTION = YES;
				GCC_WARN_UNUSED_VARIABLE = YES;
				IPHONEOS_DEPLOYMENT_TARGET = 18.0;
				LOCALIZATION_PREFERS_STRING_CATALOGS = YES;
				MTL_ENABLE_DEBUG_INFO = NO;
				MTL_FAST_MATH = YES;
				SDKROOT = iphoneos;
				SWIFT_COMPILATION_MODE = wholemodule;
				VALIDATE_PRODUCT = YES;
			};
			name = Release;
		};
		39C7E5672D04709D003AC256 /* Debug */ = {
			isa = XCBuildConfiguration;
			buildSettings = {
				ASSETCATALOG_COMPILER_APPICON_NAME = AppIcon;
				ASSETCATALOG_COMPILER_GLOBAL_ACCENT_COLOR_NAME = AccentColor;
				CODE_SIGN_STYLE = Automatic;
				CURRENT_PROJECT_VERSION = 1;
				DEVELOPMENT_ASSET_PATHS = "\"PhyDocTest/Preview Content\"";
				DEVELOPMENT_TEAM = 2DNK5GXWY7;
				ENABLE_PREVIEWS = YES;
				GENERATE_INFOPLIST_FILE = YES;
				INFOPLIST_FILE = PhyDocTest/Info.plist;
				INFOPLIST_KEY_UIApplicationSceneManifest_Generation = YES;
				INFOPLIST_KEY_UIApplicationSupportsIndirectInputEvents = YES;
				INFOPLIST_KEY_UILaunchScreen_Generation = YES;
				INFOPLIST_KEY_UISupportedInterfaceOrientations_iPad = "UIInterfaceOrientationPortrait UIInterfaceOrientationPortraitUpsideDown UIInterfaceOrientationLandscapeLeft UIInterfaceOrientationLandscapeRight";
				INFOPLIST_KEY_UISupportedInterfaceOrientations_iPhone = "UIInterfaceOrientationPortrait UIInterfaceOrientationLandscapeLeft UIInterfaceOrientationLandscapeRight";
				LD_RUNPATH_SEARCH_PATHS = (
					"$(inherited)",
					"@executable_path/Frameworks",
				);
				MARKETING_VERSION = 1.0;
				PRODUCT_BUNDLE_IDENTIFIER = com.yerko.PhyDocTest;
				PRODUCT_NAME = "$(TARGET_NAME)";
				SWIFT_EMIT_LOC_STRINGS = YES;
				SWIFT_VERSION = 5.0;
				TARGETED_DEVICE_FAMILY = "1,2";
			};
			name = Debug;
		};
		39C7E5682D04709D003AC256 /* Release */ = {
			isa = XCBuildConfiguration;
			buildSettings = {
				ASSETCATALOG_COMPILER_APPICON_NAME = AppIcon;
				ASSETCATALOG_COMPILER_GLOBAL_ACCENT_COLOR_NAME = AccentColor;
				CODE_SIGN_STYLE = Automatic;
				CURRENT_PROJECT_VERSION = 1;
				DEVELOPMENT_ASSET_PATHS = "\"PhyDocTest/Preview Content\"";
				DEVELOPMENT_TEAM = 2DNK5GXWY7;
				ENABLE_PREVIEWS = YES;
				GENERATE_INFOPLIST_FILE = YES;
				INFOPLIST_FILE = PhyDocTest/Info.plist;
				INFOPLIST_KEY_UIApplicationSceneManifest_Generation = YES;
				INFOPLIST_KEY_UIApplicationSupportsIndirectInputEvents = YES;
				INFOPLIST_KEY_UILaunchScreen_Generation = YES;
				INFOPLIST_KEY_UISupportedInterfaceOrientations_iPad = "UIInterfaceOrientationPortrait UIInterfaceOrientationPortraitUpsideDown UIInterfaceOrientationLandscapeLeft UIInterfaceOrientationLandscapeRight";
				INFOPLIST_KEY_UISupportedInterfaceOrientations_iPhone = "UIInterfaceOrientationPortrait UIInterfaceOrientationLandscapeLeft UIInterfaceOrientationLandscapeRight";
				LD_RUNPATH_SEARCH_PATHS = (
					"$(inherited)",
					"@executable_path/Frameworks",
				);
				MARKETING_VERSION = 1.0;
				PRODUCT_BUNDLE_IDENTIFIER = com.yerko.PhyDocTest;
				PRODUCT_NAME = "$(TARGET_NAME)";
				SWIFT_EMIT_LOC_STRINGS = YES;
				SWIFT_VERSION = 5.0;
				TARGETED_DEVICE_FAMILY = "1,2";
			};
			name = Release;
		};
		39C7E56A2D04709D003AC256 /* Debug */ = {
			isa = XCBuildConfiguration;
			buildSettings = {
				BUNDLE_LOADER = "$(TEST_HOST)";
				CODE_SIGN_STYLE = Automatic;
				CURRENT_PROJECT_VERSION = 1;
				DEVELOPMENT_TEAM = 2DNK5GXWY7;
				GENERATE_INFOPLIST_FILE = YES;
				IPHONEOS_DEPLOYMENT_TARGET = 18.0;
				MARKETING_VERSION = 1.0;
				PRODUCT_BUNDLE_IDENTIFIER = com.yerko.PhyDocTestTests;
				PRODUCT_NAME = "$(TARGET_NAME)";
				SWIFT_EMIT_LOC_STRINGS = NO;
				SWIFT_VERSION = 5.0;
				TARGETED_DEVICE_FAMILY = "1,2";
				TEST_HOST = "$(BUILT_PRODUCTS_DIR)/PhyDocTest.app/$(BUNDLE_EXECUTABLE_FOLDER_PATH)/PhyDocTest";
			};
			name = Debug;
		};
		39C7E56B2D04709D003AC256 /* Release */ = {
			isa = XCBuildConfiguration;
			buildSettings = {
				BUNDLE_LOADER = "$(TEST_HOST)";
				CODE_SIGN_STYLE = Automatic;
				CURRENT_PROJECT_VERSION = 1;
				DEVELOPMENT_TEAM = 2DNK5GXWY7;
				GENERATE_INFOPLIST_FILE = YES;
				IPHONEOS_DEPLOYMENT_TARGET = 18.0;
				MARKETING_VERSION = 1.0;
				PRODUCT_BUNDLE_IDENTIFIER = com.yerko.PhyDocTestTests;
				PRODUCT_NAME = "$(TARGET_NAME)";
				SWIFT_EMIT_LOC_STRINGS = NO;
				SWIFT_VERSION = 5.0;
				TARGETED_DEVICE_FAMILY = "1,2";
				TEST_HOST = "$(BUILT_PRODUCTS_DIR)/PhyDocTest.app/$(BUNDLE_EXECUTABLE_FOLDER_PATH)/PhyDocTest";
			};
			name = Release;
		};
		39C7E56D2D04709D003AC256 /* Debug */ = {
			isa = XCBuildConfiguration;
			buildSettings = {
				CODE_SIGN_STYLE = Automatic;
				CURRENT_PROJECT_VERSION = 1;
				DEVELOPMENT_TEAM = 2DNK5GXWY7;
				GENERATE_INFOPLIST_FILE = YES;
				MARKETING_VERSION = 1.0;
				PRODUCT_BUNDLE_IDENTIFIER = com.yerko.PhyDocTestUITests;
				PRODUCT_NAME = "$(TARGET_NAME)";
				SWIFT_EMIT_LOC_STRINGS = NO;
				SWIFT_VERSION = 5.0;
				TARGETED_DEVICE_FAMILY = "1,2";
				TEST_TARGET_NAME = PhyDocTest;
			};
			name = Debug;
		};
		39C7E56E2D04709D003AC256 /* Release */ = {
			isa = XCBuildConfiguration;
			buildSettings = {
				CODE_SIGN_STYLE = Automatic;
				CURRENT_PROJECT_VERSION = 1;
				DEVELOPMENT_TEAM = 2DNK5GXWY7;
				GENERATE_INFOPLIST_FILE = YES;
				MARKETING_VERSION = 1.0;
				PRODUCT_BUNDLE_IDENTIFIER = com.yerko.PhyDocTestUITests;
				PRODUCT_NAME = "$(TARGET_NAME)";
				SWIFT_EMIT_LOC_STRINGS = NO;
				SWIFT_VERSION = 5.0;
				TARGETED_DEVICE_FAMILY = "1,2";
				TEST_TARGET_NAME = PhyDocTest;
			};
			name = Release;
		};
/* End XCBuildConfiguration section */

/* Begin XCConfigurationList section */
		39C7E53D2D04709C003AC256 /* Build configuration list for PBXProject "PhyDocTest" */ = {
			isa = XCConfigurationList;
			buildConfigurations = (
				39C7E5642D04709D003AC256 /* Debug */,
				39C7E5652D04709D003AC256 /* Release */,
			);
			defaultConfigurationIsVisible = 0;
			defaultConfigurationName = Release;
		};
		39C7E5662D04709D003AC256 /* Build configuration list for PBXNativeTarget "PhyDocTest" */ = {
			isa = XCConfigurationList;
			buildConfigurations = (
				39C7E5672D04709D003AC256 /* Debug */,
				39C7E5682D04709D003AC256 /* Release */,
			);
			defaultConfigurationIsVisible = 0;
			defaultConfigurationName = Release;
		};
		39C7E5692D04709D003AC256 /* Build configuration list for PBXNativeTarget "PhyDocTestTests" */ = {
			isa = XCConfigurationList;
			buildConfigurations = (
				39C7E56A2D04709D003AC256 /* Debug */,
				39C7E56B2D04709D003AC256 /* Release */,
			);
			defaultConfigurationIsVisible = 0;
			defaultConfigurationName = Release;
		};
		39C7E56C2D04709D003AC256 /* Build configuration list for PBXNativeTarget "PhyDocTestUITests" */ = {
			isa = XCConfigurationList;
			buildConfigurations = (
				39C7E56D2D04709D003AC256 /* Debug */,
				39C7E56E2D04709D003AC256 /* Release */,
			);
			defaultConfigurationIsVisible = 0;
			defaultConfigurationName = Release;
		};
/* End XCConfigurationList section */
	};
	rootObject = 39C7E53A2D04709C003AC256 /* Project object */;
}
